# This file is automatically @generated by Poetry 1.7.1 and should not be changed by hand.

[[package]]
name = "bcrypt"
version = "4.1.2"
description = "Modern password hashing for your software and your servers"
optional = false
python-versions = ">=3.7"
files = [
    {file = "bcrypt-4.1.2-cp37-abi3-macosx_10_12_universal2.whl", hash = "sha256:ac621c093edb28200728a9cca214d7e838529e557027ef0581685909acd28b5e"},
    {file = "bcrypt-4.1.2-cp37-abi3-manylinux_2_17_aarch64.manylinux2014_aarch64.whl", hash = "sha256:ea505c97a5c465ab8c3ba75c0805a102ce526695cd6818c6de3b1a38f6f60da1"},
    {file = "bcrypt-4.1.2-cp37-abi3-manylinux_2_17_x86_64.manylinux2014_x86_64.whl", hash = "sha256:57fa9442758da926ed33a91644649d3e340a71e2d0a5a8de064fb621fd5a3326"},
    {file = "bcrypt-4.1.2-cp37-abi3-manylinux_2_28_aarch64.whl", hash = "sha256:eb3bd3321517916696233b5e0c67fd7d6281f0ef48e66812db35fc963a422a1c"},
    {file = "bcrypt-4.1.2-cp37-abi3-manylinux_2_28_x86_64.whl", hash = "sha256:6cad43d8c63f34b26aef462b6f5e44fdcf9860b723d2453b5d391258c4c8e966"},
    {file = "bcrypt-4.1.2-cp37-abi3-musllinux_1_1_aarch64.whl", hash = "sha256:44290ccc827d3a24604f2c8bcd00d0da349e336e6503656cb8192133e27335e2"},
    {file = "bcrypt-4.1.2-cp37-abi3-musllinux_1_1_x86_64.whl", hash = "sha256:732b3920a08eacf12f93e6b04ea276c489f1c8fb49344f564cca2adb663b3e4c"},
    {file = "bcrypt-4.1.2-cp37-abi3-musllinux_1_2_aarch64.whl", hash = "sha256:1c28973decf4e0e69cee78c68e30a523be441972c826703bb93099868a8ff5b5"},
    {file = "bcrypt-4.1.2-cp37-abi3-musllinux_1_2_x86_64.whl", hash = "sha256:b8df79979c5bae07f1db22dcc49cc5bccf08a0380ca5c6f391cbb5790355c0b0"},
    {file = "bcrypt-4.1.2-cp37-abi3-win32.whl", hash = "sha256:fbe188b878313d01b7718390f31528be4010fed1faa798c5a1d0469c9c48c369"},
    {file = "bcrypt-4.1.2-cp37-abi3-win_amd64.whl", hash = "sha256:9800ae5bd5077b13725e2e3934aa3c9c37e49d3ea3d06318010aa40f54c63551"},
    {file = "bcrypt-4.1.2-cp39-abi3-macosx_10_12_universal2.whl", hash = "sha256:71b8be82bc46cedd61a9f4ccb6c1a493211d031415a34adde3669ee1b0afbb63"},
    {file = "bcrypt-4.1.2-cp39-abi3-manylinux_2_17_aarch64.manylinux2014_aarch64.whl", hash = "sha256:68e3c6642077b0c8092580c819c1684161262b2e30c4f45deb000c38947bf483"},
    {file = "bcrypt-4.1.2-cp39-abi3-manylinux_2_17_x86_64.manylinux2014_x86_64.whl", hash = "sha256:387e7e1af9a4dd636b9505a465032f2f5cb8e61ba1120e79a0e1cd0b512f3dfc"},
    {file = "bcrypt-4.1.2-cp39-abi3-manylinux_2_28_aarch64.whl", hash = "sha256:f70d9c61f9c4ca7d57f3bfe88a5ccf62546ffbadf3681bb1e268d9d2e41c91a7"},
    {file = "bcrypt-4.1.2-cp39-abi3-manylinux_2_28_x86_64.whl", hash = "sha256:2a298db2a8ab20056120b45e86c00a0a5eb50ec4075b6142db35f593b97cb3fb"},
    {file = "bcrypt-4.1.2-cp39-abi3-musllinux_1_1_aarch64.whl", hash = "sha256:ba55e40de38a24e2d78d34c2d36d6e864f93e0d79d0b6ce915e4335aa81d01b1"},
    {file = "bcrypt-4.1.2-cp39-abi3-musllinux_1_1_x86_64.whl", hash = "sha256:3566a88234e8de2ccae31968127b0ecccbb4cddb629da744165db72b58d88ca4"},
    {file = "bcrypt-4.1.2-cp39-abi3-musllinux_1_2_aarch64.whl", hash = "sha256:b90e216dc36864ae7132cb151ffe95155a37a14e0de3a8f64b49655dd959ff9c"},
    {file = "bcrypt-4.1.2-cp39-abi3-musllinux_1_2_x86_64.whl", hash = "sha256:69057b9fc5093ea1ab00dd24ede891f3e5e65bee040395fb1e66ee196f9c9b4a"},
    {file = "bcrypt-4.1.2-cp39-abi3-win32.whl", hash = "sha256:02d9ef8915f72dd6daaef40e0baeef8a017ce624369f09754baf32bb32dba25f"},
    {file = "bcrypt-4.1.2-cp39-abi3-win_amd64.whl", hash = "sha256:be3ab1071662f6065899fe08428e45c16aa36e28bc42921c4901a191fda6ee42"},
    {file = "bcrypt-4.1.2-pp310-pypy310_pp73-manylinux_2_28_aarch64.whl", hash = "sha256:d75fc8cd0ba23f97bae88a6ec04e9e5351ff3c6ad06f38fe32ba50cbd0d11946"},
    {file = "bcrypt-4.1.2-pp310-pypy310_pp73-manylinux_2_28_x86_64.whl", hash = "sha256:a97e07e83e3262599434816f631cc4c7ca2aa8e9c072c1b1a7fec2ae809a1d2d"},
    {file = "bcrypt-4.1.2-pp39-pypy39_pp73-manylinux_2_28_aarch64.whl", hash = "sha256:e51c42750b7585cee7892c2614be0d14107fad9581d1738d954a262556dd1aab"},
    {file = "bcrypt-4.1.2-pp39-pypy39_pp73-manylinux_2_28_x86_64.whl", hash = "sha256:ba4e4cc26610581a6329b3937e02d319f5ad4b85b074846bf4fef8a8cf51e7bb"},
    {file = "bcrypt-4.1.2.tar.gz", hash = "sha256:33313a1200a3ae90b75587ceac502b048b840fc69e7f7a0905b5f87fac7a1258"},
]

[package.extras]
tests = ["pytest (>=3.2.1,!=3.3.0)"]
typecheck = ["mypy"]

[[package]]
name = "blinker"
version = "1.7.0"
description = "Fast, simple object-to-object and broadcast signaling"
optional = false
python-versions = ">=3.8"
files = [
    {file = "blinker-1.7.0-py3-none-any.whl", hash = "sha256:c3f865d4d54db7abc53758a01601cf343fe55b84c1de4e3fa910e420b438d5b9"},
    {file = "blinker-1.7.0.tar.gz", hash = "sha256:e6820ff6fa4e4d1d8e2747c2283749c3f547e4fee112b98555cdcdae32996182"},
]

[[package]]
name = "cachelib"
version = "0.9.0"
description = "A collection of cache libraries in the same API interface."
optional = false
python-versions = ">=3.7"
files = [
    {file = "cachelib-0.9.0-py3-none-any.whl", hash = "sha256:811ceeb1209d2fe51cd2b62810bd1eccf70feba5c52641532498be5c675493b3"},
    {file = "cachelib-0.9.0.tar.gz", hash = "sha256:38222cc7c1b79a23606de5c2607f4925779e37cdcea1c2ad21b8bae94b5425a5"},
]

[[package]]
name = "click"
version = "8.1.7"
description = "Composable command line interface toolkit"
optional = false
python-versions = ">=3.7"
files = [
    {file = "click-8.1.7-py3-none-any.whl", hash = "sha256:ae74fb96c20a0277a1d615f1e4d73c8414f5a98db8b799a7931d1582f3390c28"},
    {file = "click-8.1.7.tar.gz", hash = "sha256:ca9853ad459e787e2192211578cc907e7594e294c7ccc834310722b41b9ca6de"},
]

[package.dependencies]
colorama = {version = "*", markers = "platform_system == \"Windows\""}

[[package]]
name = "colorama"
version = "0.4.6"
description = "Cross-platform colored terminal text."
optional = false
python-versions = "!=3.0.*,!=3.1.*,!=3.2.*,!=3.3.*,!=3.4.*,!=3.5.*,!=3.6.*,>=2.7"
files = [
    {file = "colorama-0.4.6-py2.py3-none-any.whl", hash = "sha256:4f1d9991f5acc0ca119f9d443620b77f9d6b33703e51011c16baf57afb285fc6"},
    {file = "colorama-0.4.6.tar.gz", hash = "sha256:08695f5cb7ed6e0531a20572697297273c47b8cae5a63ffc6d6ed5c201be6e44"},
]

[[package]]
name = "dnspython"
version = "2.6.1"
description = "DNS toolkit"
optional = false
python-versions = ">=3.8"
files = [
    {file = "dnspython-2.6.1-py3-none-any.whl", hash = "sha256:5ef3b9680161f6fa89daf8ad451b5f1a33b18ae8a1c6778cdf4b43f08c0a6e50"},
    {file = "dnspython-2.6.1.tar.gz", hash = "sha256:e8f0f9c23a7b7cb99ded64e6c3a6f3e701d78f50c55e002b839dea7225cff7cc"},
]

[package.extras]
dev = ["black (>=23.1.0)", "coverage (>=7.0)", "flake8 (>=7)", "mypy (>=1.8)", "pylint (>=3)", "pytest (>=7.4)", "pytest-cov (>=4.1.0)", "sphinx (>=7.2.0)", "twine (>=4.0.0)", "wheel (>=0.42.0)"]
dnssec = ["cryptography (>=41)"]
doh = ["h2 (>=4.1.0)", "httpcore (>=1.0.0)", "httpx (>=0.26.0)"]
doq = ["aioquic (>=0.9.25)"]
idna = ["idna (>=3.6)"]
trio = ["trio (>=0.23)"]
wmi = ["wmi (>=1.5.1)"]

[[package]]
name = "email-validator"
version = "2.1.1"
description = "A robust email address syntax and deliverability validation library."
optional = false
python-versions = ">=3.8"
files = [
    {file = "email_validator-2.1.1-py3-none-any.whl", hash = "sha256:97d882d174e2a65732fb43bfce81a3a834cbc1bde8bf419e30ef5ea976370a05"},
    {file = "email_validator-2.1.1.tar.gz", hash = "sha256:200a70680ba08904be6d1eef729205cc0d687634399a5924d842533efb824b84"},
]

[package.dependencies]
dnspython = ">=2.0.0"
idna = ">=2.0.0"

[[package]]
name = "flask"
version = "3.0.2"
description = "A simple framework for building complex web applications."
optional = false
python-versions = ">=3.8"
files = [
    {file = "flask-3.0.2-py3-none-any.whl", hash = "sha256:3232e0e9c850d781933cf0207523d1ece087eb8d87b23777ae38456e2fbe7c6e"},
    {file = "flask-3.0.2.tar.gz", hash = "sha256:822c03f4b799204250a7ee84b1eddc40665395333973dfb9deebfe425fefcb7d"},
]

[package.dependencies]
blinker = ">=1.6.2"
click = ">=8.1.3"
itsdangerous = ">=2.1.2"
Jinja2 = ">=3.1.2"
Werkzeug = ">=3.0.0"

[package.extras]
async = ["asgiref (>=3.2)"]
dotenv = ["python-dotenv"]

[[package]]
name = "flask-bcrypt"
version = "1.0.1"
description = "Brcrypt hashing for Flask."
optional = false
python-versions = "*"
files = [
    {file = "Flask-Bcrypt-1.0.1.tar.gz", hash = "sha256:f07b66b811417ea64eb188ae6455b0b708a793d966e1a80ceec4a23bc42a4369"},
    {file = "Flask_Bcrypt-1.0.1-py3-none-any.whl", hash = "sha256:062fd991dc9118d05ac0583675507b9fe4670e44416c97e0e6819d03d01f808a"},
]

[package.dependencies]
bcrypt = ">=3.1.1"
Flask = "*"

[[package]]
name = "flask-caching"
version = "2.1.0"
description = "Adds caching support to Flask applications."
optional = false
python-versions = ">=3.7"
files = [
    {file = "Flask-Caching-2.1.0.tar.gz", hash = "sha256:b7500c145135836a952e3de3a80881d9654e327a29c852c9265607f5c449235c"},
    {file = "Flask_Caching-2.1.0-py3-none-any.whl", hash = "sha256:f02645a629a8c89800d96dc8f690a574a0d49dcd66c7536badc6d362ba46b716"},
]

[package.dependencies]
cachelib = ">=0.9.0,<0.10.0"
Flask = "*"

[[package]]
name = "flask-login"
version = "0.6.3"
description = "User authentication and session management for Flask."
optional = false
python-versions = ">=3.7"
files = [
    {file = "Flask-Login-0.6.3.tar.gz", hash = "sha256:5e23d14a607ef12806c699590b89d0f0e0d67baeec599d75947bf9c147330333"},
    {file = "Flask_Login-0.6.3-py3-none-any.whl", hash = "sha256:849b25b82a436bf830a054e74214074af59097171562ab10bfa999e6b78aae5d"},
]

[package.dependencies]
Flask = ">=1.0.4"
Werkzeug = ">=1.0.1"

[[package]]
name = "flask-me"
version = "1.0.2"
description = "Flask extension that provides integration with MongoEngine and WTF model forms. This project is a forked of flask-mongoengine for compatable of new flask version"
optional = false
python-versions = ">=3.7"
files = [
    {file = "flask-me-1.0.2.tar.gz", hash = "sha256:a4dd67d3b098d9edee1d604f5ba3ec7ee89353061edbd1efe26af4c422c4296a"},
    {file = "flask_me-1.0.2-py3-none-any.whl", hash = "sha256:d1f06a3754e545ae837c1f5fd9d3662a05816193d89a29a0f4995dace670233c"},
]

[package.dependencies]
Flask = ">=2.0"
mongoengine = ">=0.21"

[package.extras]
dev = ["Pillow (>=7.0.0)", "black (==22.6.0)", "blinker", "nox", "pre-commit", "pytest", "pytest-cov", "pytest-mock"]
legacy = ["MarkupSafe (==2.0.1)"]
legacy-dev = ["Pillow (>=7.0.0)", "blinker", "pytest", "pytest-cov", "pytest-mock"]
toolbar = ["Flask-DebugToolbar (>=0.11.0)"]
wtf = ["Flask-WTF (>=0.14.3)", "WTForms[email] (>=3.0.0)"]

[[package]]
name = "flask-wtf"
version = "1.2.1"
description = "Form rendering, validation, and CSRF protection for Flask with WTForms."
optional = false
python-versions = ">=3.8"
files = [
    {file = "flask_wtf-1.2.1-py3-none-any.whl", hash = "sha256:fa6793f2fb7e812e0fe9743b282118e581fb1b6c45d414b8af05e659bd653287"},
    {file = "flask_wtf-1.2.1.tar.gz", hash = "sha256:8bb269eb9bb46b87e7c8233d7e7debdf1f8b74bf90cc1789988c29b37a97b695"},
]

[package.dependencies]
flask = "*"
itsdangerous = "*"
wtforms = "*"

[package.extras]
email = ["email-validator"]

[[package]]
name = "idna"
version = "3.6"
description = "Internationalized Domain Names in Applications (IDNA)"
optional = false
python-versions = ">=3.5"
files = [
    {file = "idna-3.6-py3-none-any.whl", hash = "sha256:c05567e9c24a6b9faaa835c4821bad0590fbb9d5779e7caa6e1cc4978e7eb24f"},
    {file = "idna-3.6.tar.gz", hash = "sha256:9ecdbbd083b06798ae1e86adcbfe8ab1479cf864e4ee30fe4e46a003d12491ca"},
]

[[package]]
name = "itsdangerous"
version = "2.1.2"
description = "Safely pass data to untrusted environments and back."
optional = false
python-versions = ">=3.7"
files = [
    {file = "itsdangerous-2.1.2-py3-none-any.whl", hash = "sha256:2c2349112351b88699d8d4b6b075022c0808887cb7ad10069318a8b0bc88db44"},
    {file = "itsdangerous-2.1.2.tar.gz", hash = "sha256:5dbbc68b317e5e42f327f9021763545dc3fc3bfe22e6deb96aaf1fc38874156a"},
]

[[package]]
name = "jinja2"
version = "3.1.3"
description = "A very fast and expressive template engine."
optional = false
python-versions = ">=3.7"
files = [
    {file = "Jinja2-3.1.3-py3-none-any.whl", hash = "sha256:7d6d50dd97d52cbc355597bd845fabfbac3f551e1f99619e39a35ce8c370b5fa"},
    {file = "Jinja2-3.1.3.tar.gz", hash = "sha256:ac8bd6544d4bb2c9792bf3a159e80bba8fda7f07e81bc3aed565432d5925ba90"},
]

[package.dependencies]
MarkupSafe = ">=2.0"

[package.extras]
i18n = ["Babel (>=2.7)"]

[[package]]
name = "logger"
version = "1.4"
description = "Python logging helper"
optional = false
python-versions = "*"
files = [
    {file = "logger-1.4.tar.gz", hash = "sha256:4ecac57133c6376fa215f0fe6b4dc4d60e4d1ad8be005cab4e8a702df682f8b3"},
]

[[package]]
name = "markupsafe"
version = "2.1.5"
description = "Safely add untrusted strings to HTML/XML markup."
optional = false
python-versions = ">=3.7"
files = [
    {file = "MarkupSafe-2.1.5-cp310-cp310-macosx_10_9_universal2.whl", hash = "sha256:a17a92de5231666cfbe003f0e4b9b3a7ae3afb1ec2845aadc2bacc93ff85febc"},
    {file = "MarkupSafe-2.1.5-cp310-cp310-macosx_10_9_x86_64.whl", hash = "sha256:72b6be590cc35924b02c78ef34b467da4ba07e4e0f0454a2c5907f473fc50ce5"},
    {file = "MarkupSafe-2.1.5-cp310-cp310-manylinux_2_17_aarch64.manylinux2014_aarch64.whl", hash = "sha256:e61659ba32cf2cf1481e575d0462554625196a1f2fc06a1c777d3f48e8865d46"},
    {file = "MarkupSafe-2.1.5-cp310-cp310-manylinux_2_17_x86_64.manylinux2014_x86_64.whl", hash = "sha256:2174c595a0d73a3080ca3257b40096db99799265e1c27cc5a610743acd86d62f"},
    {file = "MarkupSafe-2.1.5-cp310-cp310-manylinux_2_5_i686.manylinux1_i686.manylinux_2_17_i686.manylinux2014_i686.whl", hash = "sha256:ae2ad8ae6ebee9d2d94b17fb62763125f3f374c25618198f40cbb8b525411900"},
    {file = "MarkupSafe-2.1.5-cp310-cp310-musllinux_1_1_aarch64.whl", hash = "sha256:075202fa5b72c86ad32dc7d0b56024ebdbcf2048c0ba09f1cde31bfdd57bcfff"},
    {file = "MarkupSafe-2.1.5-cp310-cp310-musllinux_1_1_i686.whl", hash = "sha256:598e3276b64aff0e7b3451b72e94fa3c238d452e7ddcd893c3ab324717456bad"},
    {file = "MarkupSafe-2.1.5-cp310-cp310-musllinux_1_1_x86_64.whl", hash = "sha256:fce659a462a1be54d2ffcacea5e3ba2d74daa74f30f5f143fe0c58636e355fdd"},
    {file = "MarkupSafe-2.1.5-cp310-cp310-win32.whl", hash = "sha256:d9fad5155d72433c921b782e58892377c44bd6252b5af2f67f16b194987338a4"},
    {file = "MarkupSafe-2.1.5-cp310-cp310-win_amd64.whl", hash = "sha256:bf50cd79a75d181c9181df03572cdce0fbb75cc353bc350712073108cba98de5"},
    {file = "MarkupSafe-2.1.5-cp311-cp311-macosx_10_9_universal2.whl", hash = "sha256:629ddd2ca402ae6dbedfceeba9c46d5f7b2a61d9749597d4307f943ef198fc1f"},
    {file = "MarkupSafe-2.1.5-cp311-cp311-macosx_10_9_x86_64.whl", hash = "sha256:5b7b716f97b52c5a14bffdf688f971b2d5ef4029127f1ad7a513973cfd818df2"},
    {file = "MarkupSafe-2.1.5-cp311-cp311-manylinux_2_17_aarch64.manylinux2014_aarch64.whl", hash = "sha256:6ec585f69cec0aa07d945b20805be741395e28ac1627333b1c5b0105962ffced"},
    {file = "MarkupSafe-2.1.5-cp311-cp311-manylinux_2_17_x86_64.manylinux2014_x86_64.whl", hash = "sha256:b91c037585eba9095565a3556f611e3cbfaa42ca1e865f7b8015fe5c7336d5a5"},
    {file = "MarkupSafe-2.1.5-cp311-cp311-manylinux_2_5_i686.manylinux1_i686.manylinux_2_17_i686.manylinux2014_i686.whl", hash = "sha256:7502934a33b54030eaf1194c21c692a534196063db72176b0c4028e140f8f32c"},
    {file = "MarkupSafe-2.1.5-cp311-cp311-musllinux_1_1_aarch64.whl", hash = "sha256:0e397ac966fdf721b2c528cf028494e86172b4feba51d65f81ffd65c63798f3f"},
    {file = "MarkupSafe-2.1.5-cp311-cp311-musllinux_1_1_i686.whl", hash = "sha256:c061bb86a71b42465156a3ee7bd58c8c2ceacdbeb95d05a99893e08b8467359a"},
    {file = "MarkupSafe-2.1.5-cp311-cp311-musllinux_1_1_x86_64.whl", hash = "sha256:3a57fdd7ce31c7ff06cdfbf31dafa96cc533c21e443d57f5b1ecc6cdc668ec7f"},
    {file = "MarkupSafe-2.1.5-cp311-cp311-win32.whl", hash = "sha256:397081c1a0bfb5124355710fe79478cdbeb39626492b15d399526ae53422b906"},
    {file = "MarkupSafe-2.1.5-cp311-cp311-win_amd64.whl", hash = "sha256:2b7c57a4dfc4f16f7142221afe5ba4e093e09e728ca65c51f5620c9aaeb9a617"},
    {file = "MarkupSafe-2.1.5-cp312-cp312-macosx_10_9_universal2.whl", hash = "sha256:8dec4936e9c3100156f8a2dc89c4b88d5c435175ff03413b443469c7c8c5f4d1"},
    {file = "MarkupSafe-2.1.5-cp312-cp312-macosx_10_9_x86_64.whl", hash = "sha256:3c6b973f22eb18a789b1460b4b91bf04ae3f0c4234a0a6aa6b0a92f6f7b951d4"},
    {file = "MarkupSafe-2.1.5-cp312-cp312-manylinux_2_17_aarch64.manylinux2014_aarch64.whl", hash = "sha256:ac07bad82163452a6884fe8fa0963fb98c2346ba78d779ec06bd7a6262132aee"},
    {file = "MarkupSafe-2.1.5-cp312-cp312-manylinux_2_17_x86_64.manylinux2014_x86_64.whl", hash = "sha256:f5dfb42c4604dddc8e4305050aa6deb084540643ed5804d7455b5df8fe16f5e5"},
    {file = "MarkupSafe-2.1.5-cp312-cp312-manylinux_2_5_i686.manylinux1_i686.manylinux_2_17_i686.manylinux2014_i686.whl", hash = "sha256:ea3d8a3d18833cf4304cd2fc9cbb1efe188ca9b5efef2bdac7adc20594a0e46b"},
    {file = "MarkupSafe-2.1.5-cp312-cp312-musllinux_1_1_aarch64.whl", hash = "sha256:d050b3361367a06d752db6ead6e7edeb0009be66bc3bae0ee9d97fb326badc2a"},
    {file = "MarkupSafe-2.1.5-cp312-cp312-musllinux_1_1_i686.whl", hash = "sha256:bec0a414d016ac1a18862a519e54b2fd0fc8bbfd6890376898a6c0891dd82e9f"},
    {file = "MarkupSafe-2.1.5-cp312-cp312-musllinux_1_1_x86_64.whl", hash = "sha256:58c98fee265677f63a4385256a6d7683ab1832f3ddd1e66fe948d5880c21a169"},
    {file = "MarkupSafe-2.1.5-cp312-cp312-win32.whl", hash = "sha256:8590b4ae07a35970728874632fed7bd57b26b0102df2d2b233b6d9d82f6c62ad"},
    {file = "MarkupSafe-2.1.5-cp312-cp312-win_amd64.whl", hash = "sha256:823b65d8706e32ad2df51ed89496147a42a2a6e01c13cfb6ffb8b1e92bc910bb"},
    {file = "MarkupSafe-2.1.5-cp37-cp37m-macosx_10_9_x86_64.whl", hash = "sha256:c8b29db45f8fe46ad280a7294f5c3ec36dbac9491f2d1c17345be8e69cc5928f"},
    {file = "MarkupSafe-2.1.5-cp37-cp37m-manylinux_2_17_aarch64.manylinux2014_aarch64.whl", hash = "sha256:ec6a563cff360b50eed26f13adc43e61bc0c04d94b8be985e6fb24b81f6dcfdf"},
    {file = "MarkupSafe-2.1.5-cp37-cp37m-manylinux_2_17_x86_64.manylinux2014_x86_64.whl", hash = "sha256:a549b9c31bec33820e885335b451286e2969a2d9e24879f83fe904a5ce59d70a"},
    {file = "MarkupSafe-2.1.5-cp37-cp37m-manylinux_2_5_i686.manylinux1_i686.manylinux_2_17_i686.manylinux2014_i686.whl", hash = "sha256:4f11aa001c540f62c6166c7726f71f7573b52c68c31f014c25cc7901deea0b52"},
    {file = "MarkupSafe-2.1.5-cp37-cp37m-musllinux_1_1_aarch64.whl", hash = "sha256:7b2e5a267c855eea6b4283940daa6e88a285f5f2a67f2220203786dfa59b37e9"},
    {file = "MarkupSafe-2.1.5-cp37-cp37m-musllinux_1_1_i686.whl", hash = "sha256:2d2d793e36e230fd32babe143b04cec8a8b3eb8a3122d2aceb4a371e6b09b8df"},
    {file = "MarkupSafe-2.1.5-cp37-cp37m-musllinux_1_1_x86_64.whl", hash = "sha256:ce409136744f6521e39fd8e2a24c53fa18ad67aa5bc7c2cf83645cce5b5c4e50"},
    {file = "MarkupSafe-2.1.5-cp37-cp37m-win32.whl", hash = "sha256:4096e9de5c6fdf43fb4f04c26fb114f61ef0bf2e5604b6ee3019d51b69e8c371"},
    {file = "MarkupSafe-2.1.5-cp37-cp37m-win_amd64.whl", hash = "sha256:4275d846e41ecefa46e2015117a9f491e57a71ddd59bbead77e904dc02b1bed2"},
    {file = "MarkupSafe-2.1.5-cp38-cp38-macosx_10_9_universal2.whl", hash = "sha256:656f7526c69fac7f600bd1f400991cc282b417d17539a1b228617081106feb4a"},
    {file = "MarkupSafe-2.1.5-cp38-cp38-macosx_10_9_x86_64.whl", hash = "sha256:97cafb1f3cbcd3fd2b6fbfb99ae11cdb14deea0736fc2b0952ee177f2b813a46"},
    {file = "MarkupSafe-2.1.5-cp38-cp38-manylinux_2_17_aarch64.manylinux2014_aarch64.whl", hash = "sha256:1f3fbcb7ef1f16e48246f704ab79d79da8a46891e2da03f8783a5b6fa41a9532"},
    {file = "MarkupSafe-2.1.5-cp38-cp38-manylinux_2_17_x86_64.manylinux2014_x86_64.whl", hash = "sha256:fa9db3f79de01457b03d4f01b34cf91bc0048eb2c3846ff26f66687c2f6d16ab"},
    {file = "MarkupSafe-2.1.5-cp38-cp38-manylinux_2_5_i686.manylinux1_i686.manylinux_2_17_i686.manylinux2014_i686.whl", hash = "sha256:ffee1f21e5ef0d712f9033568f8344d5da8cc2869dbd08d87c84656e6a2d2f68"},
    {file = "MarkupSafe-2.1.5-cp38-cp38-musllinux_1_1_aarch64.whl", hash = "sha256:5dedb4db619ba5a2787a94d877bc8ffc0566f92a01c0ef214865e54ecc9ee5e0"},
    {file = "MarkupSafe-2.1.5-cp38-cp38-musllinux_1_1_i686.whl", hash = "sha256:30b600cf0a7ac9234b2638fbc0fb6158ba5bdcdf46aeb631ead21248b9affbc4"},
    {file = "MarkupSafe-2.1.5-cp38-cp38-musllinux_1_1_x86_64.whl", hash = "sha256:8dd717634f5a044f860435c1d8c16a270ddf0ef8588d4887037c5028b859b0c3"},
    {file = "MarkupSafe-2.1.5-cp38-cp38-win32.whl", hash = "sha256:daa4ee5a243f0f20d528d939d06670a298dd39b1ad5f8a72a4275124a7819eff"},
    {file = "MarkupSafe-2.1.5-cp38-cp38-win_amd64.whl", hash = "sha256:619bc166c4f2de5caa5a633b8b7326fbe98e0ccbfacabd87268a2b15ff73a029"},
    {file = "MarkupSafe-2.1.5-cp39-cp39-macosx_10_9_universal2.whl", hash = "sha256:7a68b554d356a91cce1236aa7682dc01df0edba8d043fd1ce607c49dd3c1edcf"},
    {file = "MarkupSafe-2.1.5-cp39-cp39-macosx_10_9_x86_64.whl", hash = "sha256:db0b55e0f3cc0be60c1f19efdde9a637c32740486004f20d1cff53c3c0ece4d2"},
    {file = "MarkupSafe-2.1.5-cp39-cp39-manylinux_2_17_aarch64.manylinux2014_aarch64.whl", hash = "sha256:3e53af139f8579a6d5f7b76549125f0d94d7e630761a2111bc431fd820e163b8"},
    {file = "MarkupSafe-2.1.5-cp39-cp39-manylinux_2_17_x86_64.manylinux2014_x86_64.whl", hash = "sha256:17b950fccb810b3293638215058e432159d2b71005c74371d784862b7e4683f3"},
    {file = "MarkupSafe-2.1.5-cp39-cp39-manylinux_2_5_i686.manylinux1_i686.manylinux_2_17_i686.manylinux2014_i686.whl", hash = "sha256:4c31f53cdae6ecfa91a77820e8b151dba54ab528ba65dfd235c80b086d68a465"},
    {file = "MarkupSafe-2.1.5-cp39-cp39-musllinux_1_1_aarch64.whl", hash = "sha256:bff1b4290a66b490a2f4719358c0cdcd9bafb6b8f061e45c7a2460866bf50c2e"},
    {file = "MarkupSafe-2.1.5-cp39-cp39-musllinux_1_1_i686.whl", hash = "sha256:bc1667f8b83f48511b94671e0e441401371dfd0f0a795c7daa4a3cd1dde55bea"},
    {file = "MarkupSafe-2.1.5-cp39-cp39-musllinux_1_1_x86_64.whl", hash = "sha256:5049256f536511ee3f7e1b3f87d1d1209d327e818e6ae1365e8653d7e3abb6a6"},
    {file = "MarkupSafe-2.1.5-cp39-cp39-win32.whl", hash = "sha256:00e046b6dd71aa03a41079792f8473dc494d564611a8f89bbbd7cb93295ebdcf"},
    {file = "MarkupSafe-2.1.5-cp39-cp39-win_amd64.whl", hash = "sha256:fa173ec60341d6bb97a89f5ea19c85c5643c1e7dedebc22f5181eb73573142c5"},
    {file = "MarkupSafe-2.1.5.tar.gz", hash = "sha256:d283d37a890ba4c1ae73ffadf8046435c76e7bc2247bbb63c00bd1a709c6544b"},
]

[[package]]
name = "mongoengine"
version = "0.28.1"
description = "MongoEngine is a Python Object-Document Mapper for working with MongoDB."
optional = false
python-versions = ">=3.7"
files = [
    {file = "mongoengine-0.28.1-py3-none-any.whl", hash = "sha256:a8ec54e65021012477d1375f7a15057c9e7cb8052380a5dac552dee0bd3d9aae"},
    {file = "mongoengine-0.28.1.tar.gz", hash = "sha256:19a73ab2ce0d064783018cdee43eda871ea7190cbb3f74ff1ace0bfdcaa23ca5"},
]

[package.dependencies]
pymongo = ">=3.4,<5.0"

[[package]]
name = "pillow"
version = "10.2.0"
description = "Python Imaging Library (Fork)"
optional = false
python-versions = ">=3.8"
files = [
    {file = "pillow-10.2.0-cp310-cp310-macosx_10_10_x86_64.whl", hash = "sha256:7823bdd049099efa16e4246bdf15e5a13dbb18a51b68fa06d6c1d4d8b99a796e"},
    {file = "pillow-10.2.0-cp310-cp310-macosx_11_0_arm64.whl", hash = "sha256:83b2021f2ade7d1ed556bc50a399127d7fb245e725aa0113ebd05cfe88aaf588"},
    {file = "pillow-10.2.0-cp310-cp310-manylinux_2_17_aarch64.manylinux2014_aarch64.whl", hash = "sha256:6fad5ff2f13d69b7e74ce5b4ecd12cc0ec530fcee76356cac6742785ff71c452"},
    {file = "pillow-10.2.0-cp310-cp310-manylinux_2_17_x86_64.manylinux2014_x86_64.whl", hash = "sha256:da2b52b37dad6d9ec64e653637a096905b258d2fc2b984c41ae7d08b938a67e4"},
    {file = "pillow-10.2.0-cp310-cp310-manylinux_2_28_aarch64.whl", hash = "sha256:47c0995fc4e7f79b5cfcab1fc437ff2890b770440f7696a3ba065ee0fd496563"},
    {file = "pillow-10.2.0-cp310-cp310-manylinux_2_28_x86_64.whl", hash = "sha256:322bdf3c9b556e9ffb18f93462e5f749d3444ce081290352c6070d014c93feb2"},
    {file = "pillow-10.2.0-cp310-cp310-musllinux_1_1_aarch64.whl", hash = "sha256:51f1a1bffc50e2e9492e87d8e09a17c5eea8409cda8d3f277eb6edc82813c17c"},
    {file = "pillow-10.2.0-cp310-cp310-musllinux_1_1_x86_64.whl", hash = "sha256:69ffdd6120a4737710a9eee73e1d2e37db89b620f702754b8f6e62594471dee0"},
    {file = "pillow-10.2.0-cp310-cp310-win32.whl", hash = "sha256:c6dafac9e0f2b3c78df97e79af707cdc5ef8e88208d686a4847bab8266870023"},
    {file = "pillow-10.2.0-cp310-cp310-win_amd64.whl", hash = "sha256:aebb6044806f2e16ecc07b2a2637ee1ef67a11840a66752751714a0d924adf72"},
    {file = "pillow-10.2.0-cp310-cp310-win_arm64.whl", hash = "sha256:7049e301399273a0136ff39b84c3678e314f2158f50f517bc50285fb5ec847ad"},
    {file = "pillow-10.2.0-cp311-cp311-macosx_10_10_x86_64.whl", hash = "sha256:35bb52c37f256f662abdfa49d2dfa6ce5d93281d323a9af377a120e89a9eafb5"},
    {file = "pillow-10.2.0-cp311-cp311-macosx_11_0_arm64.whl", hash = "sha256:9c23f307202661071d94b5e384e1e1dc7dfb972a28a2310e4ee16103e66ddb67"},
    {file = "pillow-10.2.0-cp311-cp311-manylinux_2_17_aarch64.manylinux2014_aarch64.whl", hash = "sha256:773efe0603db30c281521a7c0214cad7836c03b8ccff897beae9b47c0b657d61"},
    {file = "pillow-10.2.0-cp311-cp311-manylinux_2_17_x86_64.manylinux2014_x86_64.whl", hash = "sha256:11fa2e5984b949b0dd6d7a94d967743d87c577ff0b83392f17cb3990d0d2fd6e"},
    {file = "pillow-10.2.0-cp311-cp311-manylinux_2_28_aarch64.whl", hash = "sha256:716d30ed977be8b37d3ef185fecb9e5a1d62d110dfbdcd1e2a122ab46fddb03f"},
    {file = "pillow-10.2.0-cp311-cp311-manylinux_2_28_x86_64.whl", hash = "sha256:a086c2af425c5f62a65e12fbf385f7c9fcb8f107d0849dba5839461a129cf311"},
    {file = "pillow-10.2.0-cp311-cp311-musllinux_1_1_aarch64.whl", hash = "sha256:c8de2789052ed501dd829e9cae8d3dcce7acb4777ea4a479c14521c942d395b1"},
    {file = "pillow-10.2.0-cp311-cp311-musllinux_1_1_x86_64.whl", hash = "sha256:609448742444d9290fd687940ac0b57fb35e6fd92bdb65386e08e99af60bf757"},
    {file = "pillow-10.2.0-cp311-cp311-win32.whl", hash = "sha256:823ef7a27cf86df6597fa0671066c1b596f69eba53efa3d1e1cb8b30f3533068"},
    {file = "pillow-10.2.0-cp311-cp311-win_amd64.whl", hash = "sha256:1da3b2703afd040cf65ec97efea81cfba59cdbed9c11d8efc5ab09df9509fc56"},
    {file = "pillow-10.2.0-cp311-cp311-win_arm64.whl", hash = "sha256:edca80cbfb2b68d7b56930b84a0e45ae1694aeba0541f798e908a49d66b837f1"},
    {file = "pillow-10.2.0-cp312-cp312-macosx_10_10_x86_64.whl", hash = "sha256:1b5e1b74d1bd1b78bc3477528919414874748dd363e6272efd5abf7654e68bef"},
    {file = "pillow-10.2.0-cp312-cp312-macosx_11_0_arm64.whl", hash = "sha256:0eae2073305f451d8ecacb5474997c08569fb4eb4ac231ffa4ad7d342fdc25ac"},
    {file = "pillow-10.2.0-cp312-cp312-manylinux_2_17_aarch64.manylinux2014_aarch64.whl", hash = "sha256:b7c2286c23cd350b80d2fc9d424fc797575fb16f854b831d16fd47ceec078f2c"},
    {file = "pillow-10.2.0-cp312-cp312-manylinux_2_17_x86_64.manylinux2014_x86_64.whl", hash = "sha256:1e23412b5c41e58cec602f1135c57dfcf15482013ce6e5f093a86db69646a5aa"},
    {file = "pillow-10.2.0-cp312-cp312-manylinux_2_28_aarch64.whl", hash = "sha256:52a50aa3fb3acb9cf7213573ef55d31d6eca37f5709c69e6858fe3bc04a5c2a2"},
    {file = "pillow-10.2.0-cp312-cp312-manylinux_2_28_x86_64.whl", hash = "sha256:127cee571038f252a552760076407f9cff79761c3d436a12af6000cd182a9d04"},
    {file = "pillow-10.2.0-cp312-cp312-musllinux_1_1_aarch64.whl", hash = "sha256:8d12251f02d69d8310b046e82572ed486685c38f02176bd08baf216746eb947f"},
    {file = "pillow-10.2.0-cp312-cp312-musllinux_1_1_x86_64.whl", hash = "sha256:54f1852cd531aa981bc0965b7d609f5f6cc8ce8c41b1139f6ed6b3c54ab82bfb"},
    {file = "pillow-10.2.0-cp312-cp312-win32.whl", hash = "sha256:257d8788df5ca62c980314053197f4d46eefedf4e6175bc9412f14412ec4ea2f"},
    {file = "pillow-10.2.0-cp312-cp312-win_amd64.whl", hash = "sha256:154e939c5f0053a383de4fd3d3da48d9427a7e985f58af8e94d0b3c9fcfcf4f9"},
    {file = "pillow-10.2.0-cp312-cp312-win_arm64.whl", hash = "sha256:f379abd2f1e3dddb2b61bc67977a6b5a0a3f7485538bcc6f39ec76163891ee48"},
    {file = "pillow-10.2.0-cp38-cp38-macosx_10_10_x86_64.whl", hash = "sha256:8373c6c251f7ef8bda6675dd6d2b3a0fcc31edf1201266b5cf608b62a37407f9"},
    {file = "pillow-10.2.0-cp38-cp38-macosx_11_0_arm64.whl", hash = "sha256:870ea1ada0899fd0b79643990809323b389d4d1d46c192f97342eeb6ee0b8483"},
    {file = "pillow-10.2.0-cp38-cp38-manylinux_2_17_aarch64.manylinux2014_aarch64.whl", hash = "sha256:b4b6b1e20608493548b1f32bce8cca185bf0480983890403d3b8753e44077129"},
    {file = "pillow-10.2.0-cp38-cp38-manylinux_2_17_x86_64.manylinux2014_x86_64.whl", hash = "sha256:3031709084b6e7852d00479fd1d310b07d0ba82765f973b543c8af5061cf990e"},
    {file = "pillow-10.2.0-cp38-cp38-manylinux_2_28_aarch64.whl", hash = "sha256:3ff074fc97dd4e80543a3e91f69d58889baf2002b6be64347ea8cf5533188213"},
    {file = "pillow-10.2.0-cp38-cp38-manylinux_2_28_x86_64.whl", hash = "sha256:cb4c38abeef13c61d6916f264d4845fab99d7b711be96c326b84df9e3e0ff62d"},
    {file = "pillow-10.2.0-cp38-cp38-musllinux_1_1_aarch64.whl", hash = "sha256:b1b3020d90c2d8e1dae29cf3ce54f8094f7938460fb5ce8bc5c01450b01fbaf6"},
    {file = "pillow-10.2.0-cp38-cp38-musllinux_1_1_x86_64.whl", hash = "sha256:170aeb00224ab3dc54230c797f8404507240dd868cf52066f66a41b33169bdbe"},
    {file = "pillow-10.2.0-cp38-cp38-win32.whl", hash = "sha256:c4225f5220f46b2fde568c74fca27ae9771536c2e29d7c04f4fb62c83275ac4e"},
    {file = "pillow-10.2.0-cp38-cp38-win_amd64.whl", hash = "sha256:0689b5a8c5288bc0504d9fcee48f61a6a586b9b98514d7d29b840143d6734f39"},
    {file = "pillow-10.2.0-cp39-cp39-macosx_10_10_x86_64.whl", hash = "sha256:b792a349405fbc0163190fde0dc7b3fef3c9268292586cf5645598b48e63dc67"},
    {file = "pillow-10.2.0-cp39-cp39-macosx_11_0_arm64.whl", hash = "sha256:c570f24be1e468e3f0ce7ef56a89a60f0e05b30a3669a459e419c6eac2c35364"},
    {file = "pillow-10.2.0-cp39-cp39-manylinux_2_17_aarch64.manylinux2014_aarch64.whl", hash = "sha256:d8ecd059fdaf60c1963c58ceb8997b32e9dc1b911f5da5307aab614f1ce5c2fb"},
    {file = "pillow-10.2.0-cp39-cp39-manylinux_2_17_x86_64.manylinux2014_x86_64.whl", hash = "sha256:c365fd1703040de1ec284b176d6af5abe21b427cb3a5ff68e0759e1e313a5e7e"},
    {file = "pillow-10.2.0-cp39-cp39-manylinux_2_28_aarch64.whl", hash = "sha256:70c61d4c475835a19b3a5aa42492409878bbca7438554a1f89d20d58a7c75c01"},
    {file = "pillow-10.2.0-cp39-cp39-manylinux_2_28_x86_64.whl", hash = "sha256:b6f491cdf80ae540738859d9766783e3b3c8e5bd37f5dfa0b76abdecc5081f13"},
    {file = "pillow-10.2.0-cp39-cp39-musllinux_1_1_aarch64.whl", hash = "sha256:9d189550615b4948f45252d7f005e53c2040cea1af5b60d6f79491a6e147eef7"},
    {file = "pillow-10.2.0-cp39-cp39-musllinux_1_1_x86_64.whl", hash = "sha256:49d9ba1ed0ef3e061088cd1e7538a0759aab559e2e0a80a36f9fd9d8c0c21591"},
    {file = "pillow-10.2.0-cp39-cp39-win32.whl", hash = "sha256:babf5acfede515f176833ed6028754cbcd0d206f7f614ea3447d67c33be12516"},
    {file = "pillow-10.2.0-cp39-cp39-win_amd64.whl", hash = "sha256:0304004f8067386b477d20a518b50f3fa658a28d44e4116970abfcd94fac34a8"},
    {file = "pillow-10.2.0-cp39-cp39-win_arm64.whl", hash = "sha256:0fb3e7fc88a14eacd303e90481ad983fd5b69c761e9e6ef94c983f91025da869"},
    {file = "pillow-10.2.0-pp310-pypy310_pp73-macosx_10_10_x86_64.whl", hash = "sha256:322209c642aabdd6207517e9739c704dc9f9db943015535783239022002f054a"},
    {file = "pillow-10.2.0-pp310-pypy310_pp73-manylinux_2_17_aarch64.manylinux2014_aarch64.whl", hash = "sha256:3eedd52442c0a5ff4f887fab0c1c0bb164d8635b32c894bc1faf4c618dd89df2"},
    {file = "pillow-10.2.0-pp310-pypy310_pp73-manylinux_2_17_x86_64.manylinux2014_x86_64.whl", hash = "sha256:cb28c753fd5eb3dd859b4ee95de66cc62af91bcff5db5f2571d32a520baf1f04"},
    {file = "pillow-10.2.0-pp310-pypy310_pp73-manylinux_2_28_aarch64.whl", hash = "sha256:33870dc4653c5017bf4c8873e5488d8f8d5f8935e2f1fb9a2208c47cdd66efd2"},
    {file = "pillow-10.2.0-pp310-pypy310_pp73-manylinux_2_28_x86_64.whl", hash = "sha256:3c31822339516fb3c82d03f30e22b1d038da87ef27b6a78c9549888f8ceda39a"},
    {file = "pillow-10.2.0-pp310-pypy310_pp73-win_amd64.whl", hash = "sha256:a2b56ba36e05f973d450582fb015594aaa78834fefe8dfb8fcd79b93e64ba4c6"},
    {file = "pillow-10.2.0-pp38-pypy38_pp73-win_amd64.whl", hash = "sha256:d8e6aeb9201e655354b3ad049cb77d19813ad4ece0df1249d3c793de3774f8c7"},
    {file = "pillow-10.2.0-pp39-pypy39_pp73-macosx_10_10_x86_64.whl", hash = "sha256:2247178effb34a77c11c0e8ac355c7a741ceca0a732b27bf11e747bbc950722f"},
    {file = "pillow-10.2.0-pp39-pypy39_pp73-manylinux_2_17_aarch64.manylinux2014_aarch64.whl", hash = "sha256:15587643b9e5eb26c48e49a7b33659790d28f190fc514a322d55da2fb5c2950e"},
    {file = "pillow-10.2.0-pp39-pypy39_pp73-manylinux_2_17_x86_64.manylinux2014_x86_64.whl", hash = "sha256:753cd8f2086b2b80180d9b3010dd4ed147efc167c90d3bf593fe2af21265e5a5"},
    {file = "pillow-10.2.0-pp39-pypy39_pp73-manylinux_2_28_aarch64.whl", hash = "sha256:7c8f97e8e7a9009bcacbe3766a36175056c12f9a44e6e6f2d5caad06dcfbf03b"},
    {file = "pillow-10.2.0-pp39-pypy39_pp73-manylinux_2_28_x86_64.whl", hash = "sha256:d1b35bcd6c5543b9cb547dee3150c93008f8dd0f1fef78fc0cd2b141c5baf58a"},
    {file = "pillow-10.2.0-pp39-pypy39_pp73-win_amd64.whl", hash = "sha256:fe4c15f6c9285dc54ce6553a3ce908ed37c8f3825b5a51a15c91442bb955b868"},
    {file = "pillow-10.2.0.tar.gz", hash = "sha256:e87f0b2c78157e12d7686b27d63c070fd65d994e8ddae6f328e0dcf4a0cd007e"},
]

[package.extras]
docs = ["furo", "olefile", "sphinx (>=2.4)", "sphinx-copybutton", "sphinx-inline-tabs", "sphinx-removed-in", "sphinxext-opengraph"]
fpx = ["olefile"]
mic = ["olefile"]
tests = ["check-manifest", "coverage", "defusedxml", "markdown2", "olefile", "packaging", "pyroma", "pytest", "pytest-cov", "pytest-timeout"]
typing = ["typing-extensions"]
xmp = ["defusedxml"]

[[package]]
name = "pymongo"
version = "4.6.2"
description = "Python driver for MongoDB <http://www.mongodb.org>"
optional = false
python-versions = ">=3.7"
files = [
    {file = "pymongo-4.6.2-cp310-cp310-macosx_10_9_universal2.whl", hash = "sha256:7640d176ee5b0afec76a1bda3684995cb731b2af7fcfd7c7ef8dc271c5d689af"},
    {file = "pymongo-4.6.2-cp310-cp310-manylinux1_i686.whl", hash = "sha256:4e2129ec8f72806751b621470ac5d26aaa18fae4194796621508fa0e6068278a"},
    {file = "pymongo-4.6.2-cp310-cp310-manylinux2014_aarch64.whl", hash = "sha256:c43205e85cbcbdf03cff62ad8f50426dd9d20134a915cfb626d805bab89a1844"},
    {file = "pymongo-4.6.2-cp310-cp310-manylinux2014_i686.whl", hash = "sha256:91ddf95cedca12f115fbc5f442b841e81197d85aa3cc30b82aee3635a5208af2"},
    {file = "pymongo-4.6.2-cp310-cp310-manylinux2014_ppc64le.whl", hash = "sha256:0fbdbf2fba1b4f5f1522e9f11e21c306e095b59a83340a69e908f8ed9b450070"},
    {file = "pymongo-4.6.2-cp310-cp310-manylinux2014_s390x.whl", hash = "sha256:097791d5a8d44e2444e0c8c4d6e14570ac11e22bcb833808885a5db081c3dc2a"},
    {file = "pymongo-4.6.2-cp310-cp310-manylinux2014_x86_64.whl", hash = "sha256:e0b208ebec3b47ee78a5c836e2e885e8c1e10f8ffd101aaec3d63997a4bdcd04"},
    {file = "pymongo-4.6.2-cp310-cp310-manylinux_2_17_aarch64.manylinux2014_aarch64.whl", hash = "sha256:1849fd6f1917b4dc5dbf744b2f18e41e0538d08dd8e9ba9efa811c5149d665a3"},
    {file = "pymongo-4.6.2-cp310-cp310-manylinux_2_17_ppc64le.manylinux2014_ppc64le.whl", hash = "sha256:fa0bbbfbd1f8ebbd5facaa10f9f333b20027b240af012748555148943616fdf3"},
    {file = "pymongo-4.6.2-cp310-cp310-manylinux_2_17_s390x.manylinux2014_s390x.whl", hash = "sha256:4522ad69a4ab0e1b46a8367d62ad3865b8cd54cf77518c157631dac1fdc97584"},
    {file = "pymongo-4.6.2-cp310-cp310-manylinux_2_17_x86_64.manylinux2014_x86_64.whl", hash = "sha256:397949a9cc85e4a1452f80b7f7f2175d557237177120954eff00bf79553e89d3"},
    {file = "pymongo-4.6.2-cp310-cp310-manylinux_2_5_i686.manylinux1_i686.manylinux_2_17_i686.manylinux2014_i686.whl", hash = "sha256:9d511db310f43222bc58d811037b176b4b88dc2b4617478c5ef01fea404f8601"},
    {file = "pymongo-4.6.2-cp310-cp310-win32.whl", hash = "sha256:991e406db5da4d89fb220a94d8caaf974ffe14ce6b095957bae9273c609784a0"},
    {file = "pymongo-4.6.2-cp310-cp310-win_amd64.whl", hash = "sha256:94637941fe343000f728e28d3fe04f1f52aec6376b67b85583026ff8dab2a0e0"},
    {file = "pymongo-4.6.2-cp311-cp311-macosx_10_9_universal2.whl", hash = "sha256:84593447a5c5fe7a59ba86b72c2c89d813fbac71c07757acdf162fbfd5d005b9"},
    {file = "pymongo-4.6.2-cp311-cp311-manylinux_2_17_aarch64.manylinux2014_aarch64.whl", hash = "sha256:9aebddb2ec2128d5fc2fe3aee6319afef8697e0374f8a1fcca3449d6f625e7b4"},
    {file = "pymongo-4.6.2-cp311-cp311-manylinux_2_17_ppc64le.manylinux2014_ppc64le.whl", hash = "sha256:1f706c1a644ed33eaea91df0a8fb687ce572b53eeb4ff9b89270cb0247e5d0e1"},
    {file = "pymongo-4.6.2-cp311-cp311-manylinux_2_17_s390x.manylinux2014_s390x.whl", hash = "sha256:18c422e6b08fa370ed9d8670c67e78d01f50d6517cec4522aa8627014dfa38b6"},
    {file = "pymongo-4.6.2-cp311-cp311-manylinux_2_17_x86_64.manylinux2014_x86_64.whl", hash = "sha256:0d002ae456a15b1d790a78bb84f87af21af1cb716a63efb2c446ab6bcbbc48ca"},
    {file = "pymongo-4.6.2-cp311-cp311-manylinux_2_5_i686.manylinux1_i686.manylinux_2_17_i686.manylinux2014_i686.whl", hash = "sha256:9f86ba0c781b497a3c9c886765d7b6402a0e3ae079dd517365044c89cd7abb06"},
    {file = "pymongo-4.6.2-cp311-cp311-win32.whl", hash = "sha256:ac20dd0c7b42555837c86f5ea46505f35af20a08b9cf5770cd1834288d8bd1b4"},
    {file = "pymongo-4.6.2-cp311-cp311-win_amd64.whl", hash = "sha256:e78af59fd0eb262c2a5f7c7d7e3b95e8596a75480d31087ca5f02f2d4c6acd19"},
    {file = "pymongo-4.6.2-cp312-cp312-macosx_10_9_universal2.whl", hash = "sha256:6125f73503407792c8b3f80165f8ab88a4e448d7d9234c762681a4d0b446fcb4"},
    {file = "pymongo-4.6.2-cp312-cp312-manylinux_2_17_aarch64.manylinux2014_aarch64.whl", hash = "sha256:ba052446a14bd714ec83ca4e77d0d97904f33cd046d7bb60712a6be25eb31dbb"},
    {file = "pymongo-4.6.2-cp312-cp312-manylinux_2_17_ppc64le.manylinux2014_ppc64le.whl", hash = "sha256:2b65433c90e07dc252b4a55dfd885ca0df94b1cf77c5b8709953ec1983aadc03"},
    {file = "pymongo-4.6.2-cp312-cp312-manylinux_2_17_s390x.manylinux2014_s390x.whl", hash = "sha256:2160d9c8cd20ce1f76a893f0daf7c0d38af093f36f1b5c9f3dcf3e08f7142814"},
    {file = "pymongo-4.6.2-cp312-cp312-manylinux_2_17_x86_64.manylinux2014_x86_64.whl", hash = "sha256:1f251f287e6d42daa3654b686ce1fcb6d74bf13b3907c3ae25954978c70f2cd4"},
    {file = "pymongo-4.6.2-cp312-cp312-manylinux_2_5_i686.manylinux1_i686.manylinux_2_17_i686.manylinux2014_i686.whl", hash = "sha256:d7d227a60b00925dd3aeae4675575af89c661a8e89a1f7d1677e57eba4a3693c"},
    {file = "pymongo-4.6.2-cp312-cp312-win32.whl", hash = "sha256:311794ef3ccae374aaef95792c36b0e5c06e8d5cf04a1bdb1b2bf14619ac881f"},
    {file = "pymongo-4.6.2-cp312-cp312-win_amd64.whl", hash = "sha256:f673b64a0884edcc56073bda0b363428dc1bf4eb1b5e7d0b689f7ec6173edad6"},
    {file = "pymongo-4.6.2-cp37-cp37m-macosx_10_6_intel.whl", hash = "sha256:fe010154dfa9e428bd2fb3e9325eff2216ab20a69ccbd6b5cac6785ca2989161"},
    {file = "pymongo-4.6.2-cp37-cp37m-manylinux1_i686.whl", hash = "sha256:1f5f4cd2969197e25b67e24d5b8aa2452d381861d2791d06c493eaa0b9c9fcfe"},
    {file = "pymongo-4.6.2-cp37-cp37m-manylinux1_x86_64.whl", hash = "sha256:c9519c9d341983f3a1bd19628fecb1d72a48d8666cf344549879f2e63f54463b"},
    {file = "pymongo-4.6.2-cp37-cp37m-manylinux2014_aarch64.whl", hash = "sha256:c68bf4a399e37798f1b5aa4f6c02886188ef465f4ac0b305a607b7579413e366"},
    {file = "pymongo-4.6.2-cp37-cp37m-manylinux2014_i686.whl", hash = "sha256:a509db602462eb736666989739215b4b7d8f4bb8ac31d0bffd4be9eae96c63ef"},
    {file = "pymongo-4.6.2-cp37-cp37m-manylinux2014_ppc64le.whl", hash = "sha256:362a5adf6f3f938a8ff220a4c4aaa93e84ef932a409abecd837c617d17a5990f"},
    {file = "pymongo-4.6.2-cp37-cp37m-manylinux2014_s390x.whl", hash = "sha256:ee30a9d4c27a88042d0636aca0275788af09cc237ae365cd6ebb34524bddb9cc"},
    {file = "pymongo-4.6.2-cp37-cp37m-manylinux2014_x86_64.whl", hash = "sha256:477914e13501bb1d4608339ee5bb618be056d2d0e7267727623516cfa902e652"},
    {file = "pymongo-4.6.2-cp37-cp37m-manylinux_2_17_aarch64.manylinux2014_aarch64.whl", hash = "sha256:ebd343ca44982d480f1e39372c48e8e263fc6f32e9af2be456298f146a3db715"},
    {file = "pymongo-4.6.2-cp37-cp37m-manylinux_2_17_ppc64le.manylinux2014_ppc64le.whl", hash = "sha256:c3797e0a628534e07a36544d2bfa69e251a578c6d013e975e9e3ed2ac41f2d95"},
    {file = "pymongo-4.6.2-cp37-cp37m-manylinux_2_17_s390x.manylinux2014_s390x.whl", hash = "sha256:97d81d357e1a2a248b3494d52ebc8bf15d223ee89d59ee63becc434e07438a24"},
    {file = "pymongo-4.6.2-cp37-cp37m-manylinux_2_17_x86_64.manylinux2014_x86_64.whl", hash = "sha256:ed694c0d1977cb54281cb808bc2b247c17fb64b678a6352d3b77eb678ebe1bd9"},
    {file = "pymongo-4.6.2-cp37-cp37m-manylinux_2_5_i686.manylinux1_i686.manylinux_2_17_i686.manylinux2014_i686.whl", hash = "sha256:6ceaaff4b812ae368cf9774989dea81b9bbb71e5bed666feca6a9f3087c03e49"},
    {file = "pymongo-4.6.2-cp37-cp37m-manylinux_2_5_i686.manylinux1_i686.whl", hash = "sha256:7dd63f7c2b3727541f7f37d0fb78d9942eb12a866180fbeb898714420aad74e2"},
    {file = "pymongo-4.6.2-cp37-cp37m-manylinux_2_5_x86_64.manylinux1_x86_64.whl", hash = "sha256:e571434633f99a81e081738721bb38e697345281ed2f79c2f290f809ba3fbb2f"},
    {file = "pymongo-4.6.2-cp37-cp37m-win32.whl", hash = "sha256:3e9f6e2f3da0a6af854a3e959a6962b5f8b43bbb8113cd0bff0421c5059b3106"},
    {file = "pymongo-4.6.2-cp37-cp37m-win_amd64.whl", hash = "sha256:3a5280f496297537301e78bde250c96fadf4945e7b2c397d8bb8921861dd236d"},
    {file = "pymongo-4.6.2-cp38-cp38-macosx_11_0_universal2.whl", hash = "sha256:5f6bcd2d012d82d25191a911a239fd05a8a72e8c5a7d81d056c0f3520cad14d1"},
    {file = "pymongo-4.6.2-cp38-cp38-manylinux1_i686.whl", hash = "sha256:4fa30494601a6271a8b416554bd7cde7b2a848230f0ec03e3f08d84565b4bf8c"},
    {file = "pymongo-4.6.2-cp38-cp38-manylinux1_x86_64.whl", hash = "sha256:bea62f03a50f363265a7a651b4e2a4429b4f138c1864b2d83d4bf6f9851994be"},
    {file = "pymongo-4.6.2-cp38-cp38-manylinux2014_aarch64.whl", hash = "sha256:b2d445f1cf147331947cc35ec10342f898329f29dd1947a3f8aeaf7e0e6878d1"},
    {file = "pymongo-4.6.2-cp38-cp38-manylinux2014_i686.whl", hash = "sha256:5db133d6ec7a4f7fc7e2bd098e4df23d7ad949f7be47b27b515c9fb9301c61e4"},
    {file = "pymongo-4.6.2-cp38-cp38-manylinux2014_ppc64le.whl", hash = "sha256:9eec7140cf7513aa770ea51505d312000c7416626a828de24318fdcc9ac3214c"},
    {file = "pymongo-4.6.2-cp38-cp38-manylinux2014_s390x.whl", hash = "sha256:5379ca6fd325387a34cda440aec2bd031b5ef0b0aa2e23b4981945cff1dab84c"},
    {file = "pymongo-4.6.2-cp38-cp38-manylinux2014_x86_64.whl", hash = "sha256:579508536113dbd4c56e4738955a18847e8a6c41bf3c0b4ab18b51d81a6b7be8"},
    {file = "pymongo-4.6.2-cp38-cp38-manylinux_2_17_aarch64.manylinux2014_aarch64.whl", hash = "sha256:f3bae553ca39ed52db099d76acd5e8566096064dc7614c34c9359bb239ec4081"},
    {file = "pymongo-4.6.2-cp38-cp38-manylinux_2_17_ppc64le.manylinux2014_ppc64le.whl", hash = "sha256:d0257e0eebb50f242ca28a92ef195889a6ad03dcdde5bf1c7ab9f38b7e810801"},
    {file = "pymongo-4.6.2-cp38-cp38-manylinux_2_17_s390x.manylinux2014_s390x.whl", hash = "sha256:fbafe3a1df21eeadb003c38fc02c1abf567648b6477ec50c4a3c042dca205371"},
    {file = "pymongo-4.6.2-cp38-cp38-manylinux_2_17_x86_64.manylinux2014_x86_64.whl", hash = "sha256:aaecfafb407feb6f562c7f2f5b91f22bfacba6dd739116b1912788cff7124c4a"},
    {file = "pymongo-4.6.2-cp38-cp38-manylinux_2_5_i686.manylinux1_i686.manylinux_2_17_i686.manylinux2014_i686.whl", hash = "sha256:e942945e9112075a84d2e2d6e0d0c98833cdcdfe48eb8952b917f996025c7ffa"},
    {file = "pymongo-4.6.2-cp38-cp38-manylinux_2_5_i686.manylinux1_i686.whl", hash = "sha256:2f7b98f8d2cf3eeebde738d080ae9b4276d7250912d9751046a9ac1efc9b1ce2"},
    {file = "pymongo-4.6.2-cp38-cp38-manylinux_2_5_x86_64.manylinux1_x86_64.whl", hash = "sha256:8110b78fc4b37dced85081d56795ecbee6a7937966e918e05e33a3900e8ea07d"},
    {file = "pymongo-4.6.2-cp38-cp38-win32.whl", hash = "sha256:df813f0c2c02281720ccce225edf39dc37855bf72cdfde6f789a1d1cf32ffb4b"},
    {file = "pymongo-4.6.2-cp38-cp38-win_amd64.whl", hash = "sha256:64ec3e2dcab9af61bdbfcb1dd863c70d1b0c220b8e8ac11df8b57f80ee0402b3"},
    {file = "pymongo-4.6.2-cp39-cp39-macosx_10_9_universal2.whl", hash = "sha256:bff601fbfcecd2166d9a2b70777c2985cb9689e2befb3278d91f7f93a0456cae"},
    {file = "pymongo-4.6.2-cp39-cp39-manylinux1_i686.whl", hash = "sha256:f1febca6f79e91feafc572906871805bd9c271b6a2d98a8bb5499b6ace0befed"},
    {file = "pymongo-4.6.2-cp39-cp39-manylinux1_x86_64.whl", hash = "sha256:d788cb5cc947d78934be26eef1623c78cec3729dc93a30c23f049b361aa6d835"},
    {file = "pymongo-4.6.2-cp39-cp39-manylinux2014_aarch64.whl", hash = "sha256:5c2f258489de12a65b81e1b803a531ee8cf633fa416ae84de65cd5f82d2ceb37"},
    {file = "pymongo-4.6.2-cp39-cp39-manylinux2014_i686.whl", hash = "sha256:fb24abcd50501b25d33a074c1790a1389b6460d2509e4b240d03fd2e5c79f463"},
    {file = "pymongo-4.6.2-cp39-cp39-manylinux2014_ppc64le.whl", hash = "sha256:4d982c6db1da7cf3018183891883660ad085de97f21490d314385373f775915b"},
    {file = "pymongo-4.6.2-cp39-cp39-manylinux2014_s390x.whl", hash = "sha256:b2dd8c874927a27995f64a3b44c890e8a944c98dec1ba79eab50e07f1e3f801b"},
    {file = "pymongo-4.6.2-cp39-cp39-manylinux2014_x86_64.whl", hash = "sha256:4993593de44c741d1e9f230f221fe623179f500765f9855936e4ff6f33571bad"},
    {file = "pymongo-4.6.2-cp39-cp39-manylinux_2_17_aarch64.manylinux2014_aarch64.whl", hash = "sha256:658f6c028edaeb02761ebcaca8d44d519c22594b2a51dcbc9bd2432aa93319e3"},
    {file = "pymongo-4.6.2-cp39-cp39-manylinux_2_17_ppc64le.manylinux2014_ppc64le.whl", hash = "sha256:68109c13176749fbbbbbdb94dd4a58dcc604db6ea43ee300b2602154aebdd55f"},
    {file = "pymongo-4.6.2-cp39-cp39-manylinux_2_17_s390x.manylinux2014_s390x.whl", hash = "sha256:707d28a822b918acf941cff590affaddb42a5d640614d71367c8956623a80cbc"},
    {file = "pymongo-4.6.2-cp39-cp39-manylinux_2_17_x86_64.manylinux2014_x86_64.whl", hash = "sha256:f251db26c239aec2a4d57fbe869e0a27b7f6b5384ec6bf54aeb4a6a5e7408234"},
    {file = "pymongo-4.6.2-cp39-cp39-manylinux_2_5_i686.manylinux1_i686.manylinux_2_17_i686.manylinux2014_i686.whl", hash = "sha256:57c05f2e310701fc17ae358caafd99b1830014e316f0242d13ab6c01db0ab1c2"},
    {file = "pymongo-4.6.2-cp39-cp39-manylinux_2_5_i686.manylinux1_i686.whl", hash = "sha256:2b575fbe6396bbf21e4d0e5fd2e3cdb656dc90c930b6c5532192e9a89814f72d"},
    {file = "pymongo-4.6.2-cp39-cp39-manylinux_2_5_x86_64.manylinux1_x86_64.whl", hash = "sha256:ca5877754f3fa6e4fe5aacf5c404575f04c2d9efc8d22ed39576ed9098d555c8"},
    {file = "pymongo-4.6.2-cp39-cp39-win32.whl", hash = "sha256:8caa73fb19070008e851a589b744aaa38edd1366e2487284c61158c77fdf72af"},
    {file = "pymongo-4.6.2-cp39-cp39-win_amd64.whl", hash = "sha256:3e03c732cb64b96849310e1d8688fb70d75e2571385485bf2f1e7ad1d309fa53"},
    {file = "pymongo-4.6.2.tar.gz", hash = "sha256:ab7d01ac832a1663dad592ccbd92bb0f0775bc8f98a1923c5e1a7d7fead495af"},
]

[package.dependencies]
dnspython = ">=1.16.0,<3.0.0"

[package.extras]
aws = ["pymongo-auth-aws (<2.0.0)"]
encryption = ["certifi", "pymongo[aws]", "pymongocrypt (>=1.6.0,<2.0.0)"]
gssapi = ["pykerberos", "winkerberos (>=0.5.0)"]
ocsp = ["certifi", "cryptography (>=2.5)", "pyopenssl (>=17.2.0)", "requests (<3.0.0)", "service-identity (>=18.1.0)"]
snappy = ["python-snappy"]
test = ["pytest (>=7)"]
zstd = ["zstandard"]

[[package]]
name = "werkzeug"
version = "3.0.1"
description = "The comprehensive WSGI web application library."
optional = false
python-versions = ">=3.8"
files = [
    {file = "werkzeug-3.0.1-py3-none-any.whl", hash = "sha256:90a285dc0e42ad56b34e696398b8122ee4c681833fb35b8334a095d82c56da10"},
    {file = "werkzeug-3.0.1.tar.gz", hash = "sha256:507e811ecea72b18a404947aded4b3390e1db8f826b494d76550ef45bb3b1dcc"},
]

[package.dependencies]
MarkupSafe = ">=2.1.1"

[package.extras]
watchdog = ["watchdog (>=2.3)"]

[[package]]
name = "wtforms"
version = "3.1.2"
description = "Form validation and rendering for Python web development."
optional = false
python-versions = ">=3.8"
files = [
    {file = "wtforms-3.1.2-py3-none-any.whl", hash = "sha256:bf831c042829c8cdbad74c27575098d541d039b1faa74c771545ecac916f2c07"},
    {file = "wtforms-3.1.2.tar.gz", hash = "sha256:f8d76180d7239c94c6322f7990ae1216dae3659b7aa1cee94b6318bdffb474b9"},
]

[package.dependencies]
markupsafe = "*"

[package.extras]
email = ["email-validator"]

[metadata]
lock-version = "2.0"
python-versions = "^3.11"
content-hash = "a5533f185dafd23876bc0548b060526b335abd87d37bda425f4cce4c42dd99b0"
